// !$*UTF8*$!
{
	archiveVersion = 1;
	classes = {
	};
	objectVersion = 46;
	objects = {

/* Begin PBXBuildFile section */
		284C880D4EF5E80E36561C01 /* Pods_UserTracker_Swift.framework in Frameworks */ = {isa = PBXBuildFile; fileRef = 8446DDD6A6E3C7928BAF6189 /* Pods_UserTracker_Swift.framework */; };
		3725EC051E9B6B5E00D4EDD8 /* AppDelegate.swift in Sources */ = {isa = PBXBuildFile; fileRef = 3725EC041E9B6B5E00D4EDD8 /* AppDelegate.swift */; };
		3725EC071E9B6B5E00D4EDD8 /* LocationViewController.swift in Sources */ = {isa = PBXBuildFile; fileRef = 3725EC061E9B6B5E00D4EDD8 /* LocationViewController.swift */; };
		3725EC0A1E9B6B5E00D4EDD8 /* Main.storyboard in Resources */ = {isa = PBXBuildFile; fileRef = 3725EC081E9B6B5E00D4EDD8 /* Main.storyboard */; };
		3725EC0C1E9B6B5F00D4EDD8 /* Assets.xcassets in Resources */ = {isa = PBXBuildFile; fileRef = 3725EC0B1E9B6B5F00D4EDD8 /* Assets.xcassets */; };
		3725EC0F1E9B6B5F00D4EDD8 /* LaunchScreen.storyboard in Resources */ = {isa = PBXBuildFile; fileRef = 3725EC0D1E9B6B5F00D4EDD8 /* LaunchScreen.storyboard */; };
		3725EC181E9B6C0100D4EDD8 /* MapKit.framework in Frameworks */ = {isa = PBXBuildFile; fileRef = 3725EC171E9B6C0100D4EDD8 /* MapKit.framework */; };
		3725EC1A1E9B6C0600D4EDD8 /* CoreLocation.framework in Frameworks */ = {isa = PBXBuildFile; fileRef = 3725EC191E9B6C0600D4EDD8 /* CoreLocation.framework */; };
		3725EC1C1E9BA20800D4EDD8 /* CustomUserAnnotation.swift in Sources */ = {isa = PBXBuildFile; fileRef = 3725EC1B1E9BA20800D4EDD8 /* CustomUserAnnotation.swift */; };
		3725EC1E1E9BD21E00D4EDD8 /* ShiftListViewController.swift in Sources */ = {isa = PBXBuildFile; fileRef = 3725EC1D1E9BD21E00D4EDD8 /* ShiftListViewController.swift */; };
/* End PBXBuildFile section */

/* Begin PBXFileReference section */
		05DA9B4972C009022A0C0439 /* Pods-UserTracker-Swift.release.xcconfig */ = {isa = PBXFileReference; includeInIndex = 1; lastKnownFileType = text.xcconfig; name = "Pods-UserTracker-Swift.release.xcconfig"; path = "Pods/Target Support Files/Pods-UserTracker-Swift/Pods-UserTracker-Swift.release.xcconfig"; sourceTree = "<group>"; };
		2E14D7703A32744A74608CE2 /* Pods-UserTracker-Swift.debug.xcconfig */ = {isa = PBXFileReference; includeInIndex = 1; lastKnownFileType = text.xcconfig; name = "Pods-UserTracker-Swift.debug.xcconfig"; path = "Pods/Target Support Files/Pods-UserTracker-Swift/Pods-UserTracker-Swift.debug.xcconfig"; sourceTree = "<group>"; };
		3725EC011E9B6B5E00D4EDD8 /* UserTracker-Swift.app */ = {isa = PBXFileReference; explicitFileType = wrapper.application; includeInIndex = 0; path = "UserTracker-Swift.app"; sourceTree = BUILT_PRODUCTS_DIR; };
		3725EC041E9B6B5E00D4EDD8 /* AppDelegate.swift */ = {isa = PBXFileReference; lastKnownFileType = sourcecode.swift; path = AppDelegate.swift; sourceTree = "<group>"; };
		3725EC061E9B6B5E00D4EDD8 /* LocationViewController.swift */ = {isa = PBXFileReference; lastKnownFileType = sourcecode.swift; path = LocationViewController.swift; sourceTree = "<group>"; };
		3725EC091E9B6B5E00D4EDD8 /* Base */ = {isa = PBXFileReference; lastKnownFileType = file.storyboard; name = Base; path = Base.lproj/Main.storyboard; sourceTree = "<group>"; };
		3725EC0B1E9B6B5F00D4EDD8 /* Assets.xcassets */ = {isa = PBXFileReference; lastKnownFileType = folder.assetcatalog; path = Assets.xcassets; sourceTree = "<group>"; };
		3725EC0E1E9B6B5F00D4EDD8 /* Base */ = {isa = PBXFileReference; lastKnownFileType = file.storyboard; name = Base; path = Base.lproj/LaunchScreen.storyboard; sourceTree = "<group>"; };
		3725EC101E9B6B5F00D4EDD8 /* Info.plist */ = {isa = PBXFileReference; lastKnownFileType = text.plist.xml; path = Info.plist; sourceTree = "<group>"; };
		3725EC171E9B6C0100D4EDD8 /* MapKit.framework */ = {isa = PBXFileReference; lastKnownFileType = wrapper.framework; name = MapKit.framework; path = System/Library/Frameworks/MapKit.framework; sourceTree = SDKROOT; };
		3725EC191E9B6C0600D4EDD8 /* CoreLocation.framework */ = {isa = PBXFileReference; lastKnownFileType = wrapper.framework; name = CoreLocation.framework; path = System/Library/Frameworks/CoreLocation.framework; sourceTree = SDKROOT; };
		3725EC1B1E9BA20800D4EDD8 /* CustomUserAnnotation.swift */ = {isa = PBXFileReference; fileEncoding = 4; lastKnownFileType = sourcecode.swift; path = CustomUserAnnotation.swift; sourceTree = "<group>"; };
		3725EC1D1E9BD21E00D4EDD8 /* ShiftListViewController.swift */ = {isa = PBXFileReference; fileEncoding = 4; lastKnownFileType = sourcecode.swift; path = ShiftListViewController.swift; sourceTree = "<group>"; };
		8446DDD6A6E3C7928BAF6189 /* Pods_UserTracker_Swift.framework */ = {isa = PBXFileReference; explicitFileType = wrapper.framework; includeInIndex = 0; path = Pods_UserTracker_Swift.framework; sourceTree = BUILT_PRODUCTS_DIR; };
/* End PBXFileReference section */

/* Begin PBXFrameworksBuildPhase section */
		3725EBFE1E9B6B5E00D4EDD8 /* Frameworks */ = {
			isa = PBXFrameworksBuildPhase;
			buildActionMask = 2147483647;
			files = (
				3725EC1A1E9B6C0600D4EDD8 /* CoreLocation.framework in Frameworks */,
				3725EC181E9B6C0100D4EDD8 /* MapKit.framework in Frameworks */,
				284C880D4EF5E80E36561C01 /* Pods_UserTracker_Swift.framework in Frameworks */,
			);
			runOnlyForDeploymentPostprocessing = 0;
		};
/* End PBXFrameworksBuildPhase section */

/* Begin PBXGroup section */
		3725EBF81E9B6B5E00D4EDD8 = {
			isa = PBXGroup;
			children = (
				3725EC031E9B6B5E00D4EDD8 /* UserTracker-Swift */,
				3725EC021E9B6B5E00D4EDD8 /* Products */,
				3725EC161E9B6C0100D4EDD8 /* Frameworks */,
				94865FC669253738CAD69139 /* Pods */,
			);
			sourceTree = "<group>";
		};
		3725EC021E9B6B5E00D4EDD8 /* Products */ = {
			isa = PBXGroup;
			children = (
				3725EC011E9B6B5E00D4EDD8 /* UserTracker-Swift.app */,
			);
			name = Products;
			sourceTree = "<group>";
		};
		3725EC031E9B6B5E00D4EDD8 /* UserTracker-Swift */ = {
			isa = PBXGroup;
			children = (
				3725EC041E9B6B5E00D4EDD8 /* AppDelegate.swift */,
				3725EC061E9B6B5E00D4EDD8 /* LocationViewController.swift */,
				3725EC1D1E9BD21E00D4EDD8 /* ShiftListViewController.swift */,
				3725EC081E9B6B5E00D4EDD8 /* Main.storyboard */,
				3725EC0B1E9B6B5F00D4EDD8 /* Assets.xcassets */,
				3725EC0D1E9B6B5F00D4EDD8 /* LaunchScreen.storyboard */,
				3725EC101E9B6B5F00D4EDD8 /* Info.plist */,
				3725EC1B1E9BA20800D4EDD8 /* CustomUserAnnotation.swift */,
			);
			path = "UserTracker-Swift";
			sourceTree = "<group>";
		};
		3725EC161E9B6C0100D4EDD8 /* Frameworks */ = {
			isa = PBXGroup;
			children = (
				3725EC191E9B6C0600D4EDD8 /* CoreLocation.framework */,
				3725EC171E9B6C0100D4EDD8 /* MapKit.framework */,
				8446DDD6A6E3C7928BAF6189 /* Pods_UserTracker_Swift.framework */,
			);
			name = Frameworks;
			sourceTree = "<group>";
		};
		94865FC669253738CAD69139 /* Pods */ = {
			isa = PBXGroup;
			children = (
				2E14D7703A32744A74608CE2 /* Pods-UserTracker-Swift.debug.xcconfig */,
				05DA9B4972C009022A0C0439 /* Pods-UserTracker-Swift.release.xcconfig */,
			);
			name = Pods;
			sourceTree = "<group>";
		};
/* End PBXGroup section */

/* Begin PBXNativeTarget section */
		3725EC001E9B6B5E00D4EDD8 /* UserTracker-Swift */ = {
			isa = PBXNativeTarget;
			buildConfigurationList = 3725EC131E9B6B5F00D4EDD8 /* Build configuration list for PBXNativeTarget "UserTracker-Swift" */;
			buildPhases = (
				5A74E21E30B6F4375479883A /* [CP] Check Pods Manifest.lock */,
				3725EBFD1E9B6B5E00D4EDD8 /* Sources */,
				3725EBFE1E9B6B5E00D4EDD8 /* Frameworks */,
				3725EBFF1E9B6B5E00D4EDD8 /* Resources */,
				DECB3D6445537898589FAF14 /* [CP] Embed Pods Frameworks */,
				F8FBD10E846AC4EAD8383BC5 /* [CP] Copy Pods Resources */,
			);
			buildRules = (
			);
			dependencies = (
			);
			name = "UserTracker-Swift";
			productName = "UserTracker-Swift";
			productReference = 3725EC011E9B6B5E00D4EDD8 /* UserTracker-Swift.app */;
			productType = "com.apple.product-type.application";
		};
/* End PBXNativeTarget section */

/* Begin PBXProject section */
		3725EBF91E9B6B5E00D4EDD8 /* Project object */ = {
			isa = PBXProject;
			attributes = {
				LastSwiftUpdateCheck = 0820;
				LastUpgradeCheck = 0820;
				ORGANIZATIONNAME = vrat28;
				TargetAttributes = {
					3725EC001E9B6B5E00D4EDD8 = {
						CreatedOnToolsVersion = 8.2.1;
						DevelopmentTeam = 5XUW2EJ8TL;
						ProvisioningStyle = Automatic;
						SystemCapabilities = {
							com.apple.BackgroundModes = {
								enabled = 1;
							};
						};
					};
				};
			};
			buildConfigurationList = 3725EBFC1E9B6B5E00D4EDD8 /* Build configuration list for PBXProject "UserTracker-Swift" */;
			compatibilityVersion = "Xcode 3.2";
			developmentRegion = English;
			hasScannedForEncodings = 0;
			knownRegions = (
				en,
				Base,
			);
			mainGroup = 3725EBF81E9B6B5E00D4EDD8;
			productRefGroup = 3725EC021E9B6B5E00D4EDD8 /* Products */;
			projectDirPath = "";
			projectRoot = "";
			targets = (
				3725EC001E9B6B5E00D4EDD8 /* UserTracker-Swift */,
			);
		};
/* End PBXProject section */

/* Begin PBXResourcesBuildPhase section */
		3725EBFF1E9B6B5E00D4EDD8 /* Resources */ = {
			isa = PBXResourcesBuildPhase;
			buildActionMask = 2147483647;
			files = (
				3725EC0F1E9B6B5F00D4EDD8 /* LaunchScreen.storyboard in Resources */,
				3725EC0C1E9B6B5F00D4EDD8 /* Assets.xcassets in Resources */,
				3725EC0A1E9B6B5E00D4EDD8 /* Main.storyboard in Resources */,
			);
			runOnlyForDeploymentPostprocessing = 0;
		};
/* End PBXResourcesBuildPhase section */

/* Begin PBXShellScriptBuildPhase section */
		5A74E21E30B6F4375479883A /* [CP] Check Pods Manifest.lock */ = {
			isa = PBXShellScriptBuildPhase;
			buildActionMask = 2147483647;
			files = (
			);
			inputPaths = (
			);
			name = "[CP] Check Pods Manifest.lock";
			outputPaths = (
			);
			runOnlyForDeploymentPostprocessing = 0;
			shellPath = /bin/sh;
			shellScript = "diff \"${PODS_ROOT}/../Podfile.lock\" \"${PODS_ROOT}/Manifest.lock\" > /dev/null\nif [ $? != 0 ] ; then\n    # print error to STDERR\n    echo \"error: The sandbox is not in sync with the Podfile.lock. Run 'pod install' or update your CocoaPods installation.\" >&2\n    exit 1\nfi\n";
			showEnvVarsInLog = 0;
		};
		DECB3D6445537898589FAF14 /* [CP] Embed Pods Frameworks */ = {
			isa = PBXShellScriptBuildPhase;
			buildActionMask = 2147483647;
			files = (
			);
			inputPaths = (
			);
			name = "[CP] Embed Pods Frameworks";
			outputPaths = (
			);
			runOnlyForDeploymentPostprocessing = 0;
			shellPath = /bin/sh;
			shellScript = "\"${SRCROOT}/Pods/Target Support Files/Pods-UserTracker-Swift/Pods-UserTracker-Swift-frameworks.sh\"\n";
			showEnvVarsInLog = 0;
		};
		F8FBD10E846AC4EAD8383BC5 /* [CP] Copy Pods Resources */ = {
			isa = PBXShellScriptBuildPhase;
			buildActionMask = 2147483647;
			files = (
			);
			inputPaths = (
			);
			name = "[CP] Copy Pods Resources";
			outputPaths = (
			);
			runOnlyForDeploymentPostprocessing = 0;
			shellPath = /bin/sh;
			shellScript = "\"${SRCROOT}/Pods/Target Support Files/Pods-UserTracker-Swift/Pods-UserTracker-Swift-resources.sh\"\n";
			showEnvVarsInLog = 0;
		};
/* End PBXShellScriptBuildPhase section */

/* Begin PBXSourcesBuildPhase section */
		3725EBFD1E9B6B5E00D4EDD8 /* Sources */ = {
			isa = PBXSourcesBuildPhase;
			buildActionMask = 2147483647;
			files = (
				3725EC071E9B6B5E00D4EDD8 /* LocationViewController.swift in Sources */,
				3725EC1E1E9BD21E00D4EDD8 /* ShiftListViewController.swift in Sources */,
				3725EC051E9B6B5E00D4EDD8 /* AppDelegate.swift in Sources */,
				3725EC1C1E9BA20800D4EDD8 /* CustomUserAnnotation.swift in Sources */,
			);
			runOnlyForDeploymentPostprocessing = 0;
		};
/* End PBXSourcesBuildPhase section */

/* Begin PBXVariantGroup section */
		3725EC081E9B6B5E00D4EDD8 /* Main.storyboard */ = {
			isa = PBXVariantGroup;
			children = (
				3725EC091E9B6B5E00D4EDD8 /* Base */,
			);
			name = Main.storyboard;
			sourceTree = "<group>";
		};
		3725EC0D1E9B6B5F00D4EDD8 /* LaunchScreen.storyboard */ = {
			isa = PBXVariantGroup;
			children = (
				3725EC0E1E9B6B5F00D4EDD8 /* Base */,
			);
			name = LaunchScreen.storyboard;
			sourceTree = "<group>";
		};
/* End PBXVariantGroup section */

/* Begin XCBuildConfiguration section */
		3725EC111E9B6B5F00D4EDD8 /* Debug */ = {
			isa = XCBuildConfiguration;
			buildSettings = {
				ALWAYS_SEARCH_USER_PATHS = NO;
				CLANG_ANALYZER_NONNULL = YES;
				CLANG_CXX_LANGUAGE_STANDARD = "gnu++0x";
				CLANG_CXX_LIBRARY = "libc++";
				CLANG_ENABLE_MODULES = YES;
				CLANG_ENABLE_OBJC_ARC = YES;
				CLANG_WARN_BOOL_CONVERSION = YES;
				CLANG_WARN_CONSTANT_CONVERSION = YES;
				CLANG_WARN_DIRECT_OBJC_ISA_USAGE = YES_ERROR;
				CLANG_WARN_DOCUMENTATION_COMMENTS = YES;
				CLANG_WARN_EMPTY_BODY = YES;
				CLANG_WARN_ENUM_CONVERSION = YES;
				CLANG_WARN_INFINITE_RECURSION = YES;
				CLANG_WARN_INT_CONVERSION = YES;
				CLANG_WARN_OBJC_ROOT_CLASS = YES_ERROR;
				CLANG_WARN_SUSPICIOUS_MOVE = YES;
				CLANG_WARN_UNREACHABLE_CODE = YES;
				CLANG_WARN__DUPLICATE_METHOD_MATCH = YES;
				"CODE_SIGN_IDENTITY[sdk=iphoneos*]" = "iPhone Developer";
				COPY_PHASE_STRIP = NO;
				DEBUG_INFORMATION_FORMAT = dwarf;
				ENABLE_STRICT_OBJC_MSGSEND = YES;
				ENABLE_TESTABILITY = YES;
				GCC_C_LANGUAGE_STANDARD = gnu99;
				GCC_DYNAMIC_NO_PIC = NO;
				GCC_NO_COMMON_BLOCKS = YES;
				GCC_OPTIMIZATION_LEVEL = 0;
				GCC_PREPROCESSOR_DEFINITIONS = (
					"DEBUG=1",
					"$(inherited)",
				);
				GCC_WARN_64_TO_32_BIT_CONVERSION = YES;
				GCC_WARN_ABOUT_RETURN_TYPE = YES_ERROR;
				GCC_WARN_UNDECLARED_SELECTOR = YES;
				GCC_WARN_UNINITIALIZED_AUTOS = YES_AGGRESSIVE;
				GCC_WARN_UNUSED_FUNCTION = YES;
				GCC_WARN_UNUSED_VARIABLE = YES;
				IPHONEOS_DEPLOYMENT_TARGET = 10.2;
				MTL_ENABLE_DEBUG_INFO = YES;
				ONLY_ACTIVE_ARCH = YES;
				SDKROOT = iphoneos;
				SWIFT_ACTIVE_COMPILATION_CONDITIONS = DEBUG;
				SWIFT_OPTIMIZATION_LEVEL = "-Onone";
				TARGETED_DEVICE_FAMILY = "1,2";
			};
			name = Debug;
		};
		3725EC121E9B6B5F00D4EDD8 /* Release */ = {
			isa = XCBuildConfiguration;
			buildSettings = {
				ALWAYS_SEARCH_USER_PATHS = NO;
				CLANG_ANALYZER_NONNULL = YES;
				CLANG_CXX_LANGUAGE_STANDARD = "gnu++0x";
				CLANG_CXX_LIBRARY = "libc++";
				CLANG_ENABLE_MODULES = YES;
				CLANG_ENABLE_OBJC_ARC = YES;
				CLANG_WARN_BOOL_CONVERSION = YES;
				CLANG_WARN_CONSTANT_CONVERSION = YES;
				CLANG_WARN_DIRECT_OBJC_ISA_USAGE = YES_ERROR;
				CLANG_WARN_DOCUMENTATION_COMMENTS = YES;
				CLANG_WARN_EMPTY_BODY = YES;
				CLANG_WARN_ENUM_CONVERSION = YES;
				CLANG_WARN_INFINITE_RECURSION = YES;
				CLANG_WARN_INT_CONVERSION = YES;
				CLANG_WARN_OBJC_ROOT_CLASS = YES_ERROR;
				CLANG_WARN_SUSPICIOUS_MOVE = YES;
				CLANG_WARN_UNREACHABLE_CODE = YES;
				CLANG_WARN__DUPLICATE_METHOD_MATCH = YES;
				"CODE_SIGN_IDENTITY[sdk=iphoneos*]" = "iPhone Developer";
				COPY_PHASE_STRIP = NO;
				DEBUG_INFORMATION_FORMAT = "dwarf-with-dsym";
				ENABLE_NS_ASSERTIONS = NO;
				ENABLE_STRICT_OBJC_MSGSEND = YES;
				GCC_C_LANGUAGE_STANDARD = gnu99;
				GCC_NO_COMMON_BLOCKS = YES;
				GCC_WARN_64_TO_32_BIT_CONVERSION = YES;
				GCC_WARN_ABOUT_RETURN_TYPE = YES_ERROR;
				GCC_WARN_UNDECLARED_SELECTOR = YES;
				GCC_WARN_UNINITIALIZED_AUTOS = YES_AGGRESSIVE;
				GCC_WARN_UNUSED_FUNCTION = YES;
				GCC_WARN_UNUSED_VARIABLE = YES;
				IPHONEOS_DEPLOYMENT_TARGET = 10.2;
				MTL_ENABLE_DEBUG_INFO = NO;
				SDKROOT = iphoneos;
				SWIFT_OPTIMIZATION_LEVEL = "-Owholemodule";
				TARGETED_DEVICE_FAMILY = "1,2";
				VALIDATE_PRODUCT = YES;
			};
			name = Release;
		};
		3725EC141E9B6B5F00D4EDD8 /* Debug */ = {
			isa = XCBuildConfiguration;
			baseConfigurationReference = 2E14D7703A32744A74608CE2 /* Pods-UserTracker-Swift.debug.xcconfig */;
			buildSettings = {
				ASSETCATALOG_COMPILER_APPICON_NAME = AppIcon;
				DEVELOPMENT_TEAM = 5XUW2EJ8TL;
				INFOPLIST_FILE = "UserTracker-Swift/Info.plist";
				IPHONEOS_DEPLOYMENT_TARGET = 10.1;
				LD_RUNPATH_SEARCH_PATHS = "$(inherited) @executable_path/Frameworks";
				PRODUCT_BUNDLE_IDENTIFIER = "com.vrat28.UserTracker-Swift";
				PRODUCT_NAME = "$(TARGET_NAME)";
				SWIFT_VERSION = 3.0;
			};
			name = Debug;
		};
		3725EC151E9B6B5F00D4EDD8 /* Release */ = {
			isa = XCBuildConfiguration;
			baseConfigurationReference = 05DA9B4972C009022A0C0439 /* Pods-UserTracker-Swift.release.xcconfig */;
			buildSettings = {
				ASSETCATALOG_COMPILER_APPICON_NAME = AppIcon;
				DEVELOPMENT_TEAM = 5XUW2EJ8TL;
				INFOPLIST_FILE = "UserTracker-Swift/Info.plist";
				IPHONEOS_DEPLOYMENT_TARGET = 10.1;
				LD_RUNPATH_SEARCH_PATHS = "$(inherited) @executable_path/Frameworks";
				PRODUCT_BUNDLE_IDENTIFIER = "com.vrat28.UserTracker-Swift";
				PRODUCT_NAME = "$(TARGET_NAME)";
				SWIFT_VERSION = 3.0;
			};
			name = Release;
		};
/* End XCBuildConfiguration section */

/* Begin XCConfigurationList section */
		3725EBFC1E9B6B5E00D4EDD8 /* Build configuration list for PBXProject "UserTracker-Swift" */ = {
			isa = XCConfigurationList;
			buildConfigurations = (
				3725EC111E9B6B5F00D4EDD8 /* Debug */,
				3725EC121E9B6B5F00D4EDD8 /* Release */,
			);
			defaultConfigurationIsVisible = 0;
			defaultConfigurationName = Release;
		};
		3725EC131E9B6B5F00D4EDD8 /* Build configuration list for PBXNativeTarget "UserTracker-Swift" */ = {
			isa = XCConfigurationList;
			buildConfigurations = (
				3725EC141E9B6B5F00D4EDD8 /* Debug */,
				3725EC151E9B6B5F00D4EDD8 /* Release */,
			);
			defaultConfigurationIsVisible = 0;
			defaultConfigurationName = Release;
		};
/* End XCConfigurationList section */
	};
	rootObject = 3725EBF91E9B6B5E00D4EDD8 /* Project object */;
}
